
Microsoft Visual Studio Solution File, Format Version 12.00
# Visual Studio Version 17
VisualStudioVersion = 17.8.34322.80
MinimumVisualStudioVersion = 10.0.40219.1
Project("{9A19103F-16F7-4668-BE54-9A1E7A4F7556}") = "SIDOK", "SIDOK\SIDOK.csproj", "{AB02DC4D-A17E-40A7-85BA-F6F9A9FEBFF7}"
EndProject
Project("{9A19103F-16F7-4668-BE54-9A1E7A4F7556}") = "ProjectCRUD", "..\ProjectCRUD\ProjectCRUD\ProjectCRUD.csproj", "{AD976818-1248-4097-A7CA-C6CBE32D4F59}"
EndProject
Project("{9A19103F-16F7-4668-BE54-9A1E7A4F7556}") = "belajar", "..\belajar\belajar.csproj", "{5C32755A-28D6-46AE-AFBD-BFDD2AE02447}"
EndProject
Project("{9A19103F-16F7-4668-BE54-9A1E7A4F7556}") = "MVCmovie", "..\MVCmovie\MVCmovie\MVCmovie.csproj", "{F4B676AE-EF8A-495C-8019-47904907A931}"
EndProject
Global
	GlobalSection(SolutionConfigurationPlatforms) = preSolution
		Debug|Any CPU = Debug|Any CPU
		Release|Any CPU = Release|Any CPU
	EndGlobalSection
	GlobalSection(ProjectConfigurationPlatforms) = postSolution
		{AB02DC4D-A17E-40A7-85BA-F6F9A9FEBFF7}.Debug|Any CPU.ActiveCfg = Debug|Any CPU
		{AB02DC4D-A17E-40A7-85BA-F6F9A9FEBFF7}.Debug|Any CPU.Build.0 = Debug|Any CPU
		{AB02DC4D-A17E-40A7-85BA-F6F9A9FEBFF7}.Release|Any CPU.ActiveCfg = Release|Any CPU
		{AB02DC4D-A17E-40A7-85BA-F6F9A9FEBFF7}.Release|Any CPU.Build.0 = Release|Any CPU
		{AD976818-1248-4097-A7CA-C6CBE32D4F59}.Debug|Any CPU.ActiveCfg = Debug|Any CPU
		{AD976818-1248-4097-A7CA-C6CBE32D4F59}.Debug|Any CPU.Build.0 = Debug|Any CPU
		{AD976818-1248-4097-A7CA-C6CBE32D4F59}.Release|Any CPU.ActiveCfg = Release|Any CPU
		{AD976818-1248-4097-A7CA-C6CBE32D4F59}.Release|Any CPU.Build.0 = Release|Any CPU
		{5C32755A-28D6-46AE-AFBD-BFDD2AE02447}.Debug|Any CPU.ActiveCfg = Debug|Any CPU
		{5C32755A-28D6-46AE-AFBD-BFDD2AE02447}.Debug|Any CPU.Build.0 = Debug|Any CPU
		{5C32755A-28D6-46AE-AFBD-BFDD2AE02447}.Release|Any CPU.ActiveCfg = Release|Any CPU
		{5C32755A-28D6-46AE-AFBD-BFDD2AE02447}.Release|Any CPU.Build.0 = Release|Any CPU
		{F4B676AE-EF8A-495C-8019-47904907A931}.Debug|Any CPU.ActiveCfg = Debug|Any CPU
		{F4B676AE-EF8A-495C-8019-47904907A931}.Debug|Any CPU.Build.0 = Debug|Any CPU
		{F4B676AE-EF8A-495C-8019-47904907A931}.Release|Any CPU.ActiveCfg = Release|Any CPU
		{F4B676AE-EF8A-495C-8019-47904907A931}.Release|Any CPU.Build.0 = Release|Any CPU
	EndGlobalSection
	GlobalSection(SolutionProperties) = preSolution
		HideSolutionNode = FALSE
	EndGlobalSection
	GlobalSection(ExtensibilityGlobals) = postSolution
		SolutionGuid = {A7C924F5-792C-47A7-855B-492978D6A10B}
	EndGlobalSection
EndGlobal
